github.com/google/uuid v1.6.0 h1:NIvaJDMOsjHA8n1jAhLSgzrAzy1Hgr+hNrb57e+94F0=
github.com/google/uuid v1.6.0/go.mod h1:TIyPZe4MgqvfeYDBFedMoGGpEw/LqOeaOT+nhxU+yHo=
github.com/vivekschauhan/repo-a/v2 v2.0.0 h1:k7vnauXC4UFOh4enzx5+SDIhhN76f+z+N1pcuIReaP8=
github.com/vivekschauhan/repo-a/v2 v2.0.0/go.mod h1:4DzzjcYyUQ2oR5LtkQDjr9IGgGhbSem7qoEEFK+T/k0=
github.com/vivekschauhan/repo-b/v2 v2.0.0 h1:11Y5bPq4/xyh0BbsDQK+AJ7SaQzMEFGGmUtNjN1c4+Y=
github.com/vivekschauhan/repo-b/v2 v2.0.0/go.mod h1:SaPfmt7ppOs3KxtSsc/nqYhT/HJ+tfudUuiY3KlfB+0=
