github.com/google/uuid v1.6.0 h1:NIvaJDMOsjHA8n1jAhLSgzrAzy1Hgr+hNrb57e+94F0=
github.com/google/uuid v1.6.0/go.mod h1:TIyPZe4MgqvfeYDBFedMoGGpEw/LqOeaOT+nhxU+yHo=
github.com/vivekschauhan/repo-a v1.0.0 h1:3jsGQQ2rPZIHS+oWEM0AV6Z9NW3GlYEv9Qg59MUN1Js=
github.com/vivekschauhan/repo-a v1.0.0/go.mod h1:llGDWWXK/G1TFi3ioQAhwJNexLRjq+hvGWjHKO4mJRI=
github.com/vivekschauhan/repo-b v1.0.0 h1:v8MldjED7UfMmLpo+Gv+zQOCgf6N1s98fFC8k0KYwnM=
github.com/vivekschauhan/repo-b v1.0.0/go.mod h1:LWW1+pbfNnluuRpMWaLNVRcPH0zexX12O1fZbKiQY1o=
